
Microsoft Visual Studio Solution File, Format Version 12.00
# Visual Studio Version 16
VisualStudioVersion = 16.0.29009.5
MinimumVisualStudioVersion = 10.0.40219.1
Project("{FAE04EC0-301F-11D3-BF4B-00C04F79EFBC}") = "ExcalibLandingPage", "ExcalibLandingPage\ExcalibLandingPage.csproj", "{AE6E019B-2AB0-4636-BF26-5C868B47D8FD}"
EndProject
Global
	GlobalSection(SolutionConfigurationPlatforms) = preSolution
		Debug|Any CPU = Debug|Any CPU
		Release|Any CPU = Release|Any CPU
	EndGlobalSection
	GlobalSection(ProjectConfigurationPlatforms) = postSolution
		{AE6E019B-2AB0-4636-BF26-5C868B47D8FD}.Debug|Any CPU.ActiveCfg = Debug|Any CPU
		{AE6E019B-2AB0-4636-BF26-5C868B47D8FD}.Debug|Any CPU.Build.0 = Debug|Any CPU
		{AE6E019B-2AB0-4636-BF26-5C868B47D8FD}.Release|Any CPU.ActiveCfg = Release|Any CPU
		{AE6E019B-2AB0-4636-BF26-5C868B47D8FD}.Release|Any CPU.Build.0 = Release|Any CPU
	EndGlobalSection
	GlobalSection(SolutionProperties) = preSolution
		HideSolutionNode = FALSE
	EndGlobalSection
	GlobalSection(ExtensibilityGlobals) = postSolution
		SolutionGuid = {CF970B38-FA08-48CC-B19F-048CB9C4FEE0}
	EndGlobalSection
EndGlobal
